
Microsoft Visual Studio Solution File, Format Version 12.00
# Visual Studio Version 17
VisualStudioVersion = 17.8.34330.188
MinimumVisualStudioVersion = 10.0.40219.1
Project("{FAE04EC0-301F-11D3-BF4B-00C04F79EFBC}") = "новый", "новый\новый.csproj", "{7A2A4ED0-23C1-4A8D-9DFA-5B40A47C22F9}"
EndProject
Global
	GlobalSection(SolutionConfigurationPlatforms) = preSolution
		Debug|Any CPU = Debug|Any CPU
		Release|Any CPU = Release|Any CPU
	EndGlobalSection
	GlobalSection(ProjectConfigurationPlatforms) = postSolution
		{7A2A4ED0-23C1-4A8D-9DFA-5B40A47C22F9}.Debug|Any CPU.ActiveCfg = Debug|Any CPU
		{7A2A4ED0-23C1-4A8D-9DFA-5B40A47C22F9}.Debug|Any CPU.Build.0 = Debug|Any CPU
		{7A2A4ED0-23C1-4A8D-9DFA-5B40A47C22F9}.Release|Any CPU.ActiveCfg = Release|Any CPU
		{7A2A4ED0-23C1-4A8D-9DFA-5B40A47C22F9}.Release|Any CPU.Build.0 = Release|Any CPU
	EndGlobalSection
	GlobalSection(SolutionProperties) = preSolution
		HideSolutionNode = FALSE
	EndGlobalSection
	GlobalSection(ExtensibilityGlobals) = postSolution
		SolutionGuid = {32A1377D-7707-4167-9CE8-E52B5963E704}
	EndGlobalSection
EndGlobal
